
Microsoft Visual Studio Solution File, Format Version 12.00
# Visual Studio Version 16
VisualStudioVersion = 16.0.30804.86
MinimumVisualStudioVersion = 10.0.40219.1
Project("{FAE04EC0-301F-11D3-BF4B-00C04F79EFBC}") = "WebBanHang", "WebBanHang\WebBanHang.csproj", "{312587FB-14E6-4088-B5E2-0DCC68A27042}"
EndProject
Global
	GlobalSection(SolutionConfigurationPlatforms) = preSolution
		Debug|Any CPU = Debug|Any CPU
		Release|Any CPU = Release|Any CPU
	EndGlobalSection
	GlobalSection(ProjectConfigurationPlatforms) = postSolution
		{312587FB-14E6-4088-B5E2-0DCC68A27042}.Debug|Any CPU.ActiveCfg = Debug|Any CPU
		{312587FB-14E6-4088-B5E2-0DCC68A27042}.Debug|Any CPU.Build.0 = Debug|Any CPU
		{312587FB-14E6-4088-B5E2-0DCC68A27042}.Release|Any CPU.ActiveCfg = Release|Any CPU
		{312587FB-14E6-4088-B5E2-0DCC68A27042}.Release|Any CPU.Build.0 = Release|Any CPU
	EndGlobalSection
	GlobalSection(SolutionProperties) = preSolution
		HideSolutionNode = FALSE
	EndGlobalSection
	GlobalSection(ExtensibilityGlobals) = postSolution
		SolutionGuid = {DD87F4A6-E586-4D93-84CB-F0A8A149B636}
	EndGlobalSection
EndGlobal
